
Microsoft Visual Studio Solution File, Format Version 12.00
# Visual Studio 15
VisualStudioVersion = 15.0.28307.136
MinimumVisualStudioVersion = 10.0.40219.1
Project("{FAE04EC0-301F-11D3-BF4B-00C04F79EFBC}") = "Wcf_Exemplo", "Wcf_Exemplo\Wcf_Exemplo.csproj", "{4A5DA3D7-0FCB-43AE-9E94-488691F27F4B}"
EndProject
Project("{FAE04EC0-301F-11D3-BF4B-00C04F79EFBC}") = "windows_WCF", "..\windows_WCF\windows_WCF\windows_WCF.csproj", "{76E5D4A6-A6A5-4133-9E7C-9156A7F46CB7}"
	ProjectSection(ProjectDependencies) = postProject
		{4A5DA3D7-0FCB-43AE-9E94-488691F27F4B} = {4A5DA3D7-0FCB-43AE-9E94-488691F27F4B}
	EndProjectSection
EndProject
Global
	GlobalSection(SolutionConfigurationPlatforms) = preSolution
		Debug|Any CPU = Debug|Any CPU
		Release|Any CPU = Release|Any CPU
	EndGlobalSection
	GlobalSection(ProjectConfigurationPlatforms) = postSolution
		{4A5DA3D7-0FCB-43AE-9E94-488691F27F4B}.Debug|Any CPU.ActiveCfg = Debug|Any CPU
		{4A5DA3D7-0FCB-43AE-9E94-488691F27F4B}.Debug|Any CPU.Build.0 = Debug|Any CPU
		{4A5DA3D7-0FCB-43AE-9E94-488691F27F4B}.Release|Any CPU.ActiveCfg = Release|Any CPU
		{4A5DA3D7-0FCB-43AE-9E94-488691F27F4B}.Release|Any CPU.Build.0 = Release|Any CPU
		{76E5D4A6-A6A5-4133-9E7C-9156A7F46CB7}.Debug|Any CPU.ActiveCfg = Debug|Any CPU
		{76E5D4A6-A6A5-4133-9E7C-9156A7F46CB7}.Debug|Any CPU.Build.0 = Debug|Any CPU
		{76E5D4A6-A6A5-4133-9E7C-9156A7F46CB7}.Release|Any CPU.ActiveCfg = Release|Any CPU
		{76E5D4A6-A6A5-4133-9E7C-9156A7F46CB7}.Release|Any CPU.Build.0 = Release|Any CPU
	EndGlobalSection
	GlobalSection(SolutionProperties) = preSolution
		HideSolutionNode = FALSE
	EndGlobalSection
	GlobalSection(ExtensibilityGlobals) = postSolution
		SolutionGuid = {904FA272-92D6-45F3-BE96-19E184E2CBB0}
	EndGlobalSection
EndGlobal
